{
  "name": "ambiente-desarrrollo",
  "version": "1.0.0",
  "lockfileVersion": 3,
  "requires": true,
  "packages": {
    "": {
      "name": "ambiente-desarrrollo",
      "version": "1.0.0",
      "license": "ISC",
      "dependencies": {
        "colors": "^1.4.0",
        "currency.js": "^2.0.4"
      }
    },
    "node_modules/colors": {
      "version": "1.4.0",
      "resolved": "https://registry.npmjs.org/colors/-/colors-1.4.0.tgz",
      "integrity": "sha512-a+UqTh4kgZg/SlGvfbzDHpgRu7AAQOmmqRHJnxhRZICKFUT91brVhNNt58CMWU9PsBbv3PDCZUHbVxuDiH2mtA==",
      "license": "MIT",
      "engines": {
        "node": ">=0.1.90"
      }
    },
    "node_modules/currency.js": {
      "version": "2.0.4",
      "resolved": "https://registry.npmjs.org/currency.js/-/currency.js-2.0.4.tgz",
      "integrity": "sha512-6/OplJYgJ0RUlli74d93HJ/OsKVBi8lB1+Z6eJYS1YZzBuIp4qKKHpJ7ad+GvTlWmLR/hLJOWTykN5Nm8NJ7+w==",
      "license": "MIT",
      "engines": {
        "node": ">=4"
      }
    }
  }
}
